
Microsoft Visual Studio Solution File, Format Version 11.00
# Visual Studio 2010
Project("{FAE04EC0-301F-11D3-BF4B-00C04F79EFBC}") = "ArduinoTcpClient", "ArduinoTcpClient\ArduinoTcpClient.csproj", "{D6A0F417-DE2C-4405-AF74-56099A71ACD6}"
EndProject
Global
	GlobalSection(SolutionConfigurationPlatforms) = preSolution
		Debug|x86 = Debug|x86
		Release|x86 = Release|x86
	EndGlobalSection
	GlobalSection(ProjectConfigurationPlatforms) = postSolution
		{D6A0F417-DE2C-4405-AF74-56099A71ACD6}.Debug|x86.ActiveCfg = Debug|x86
		{D6A0F417-DE2C-4405-AF74-56099A71ACD6}.Debug|x86.Build.0 = Debug|x86
		{D6A0F417-DE2C-4405-AF74-56099A71ACD6}.Release|x86.ActiveCfg = Release|x86
		{D6A0F417-DE2C-4405-AF74-56099A71ACD6}.Release|x86.Build.0 = Release|x86
	EndGlobalSection
	GlobalSection(MonoDevelopProperties) = preSolution
		StartupItem = ArduinoTcpClient\ArduinoTcpClient.csproj
	EndGlobalSection
EndGlobal
